
Microsoft Visual Studio Solution File, Format Version 12.00
# Visual Studio Version 17
VisualStudioVersion = 17.9.34616.47
MinimumVisualStudioVersion = 10.0.40219.1
Project("{9A19103F-16F7-4668-BE54-9A1E7A4F7556}") = "TestingWithNUnit", "TestingWithNUnit\TestingWithNUnit.csproj", "{75A57643-D075-4D01-B4E1-FB1C89C451BF}"
EndProject
Project("{9A19103F-16F7-4668-BE54-9A1E7A4F7556}") = "TestingWithXUnit", "TestingWithXUnit\TestingWithXUnit.csproj", "{5A8678EA-4CB4-4F6E-887E-86482E9731CD}"
EndProject
Project("{9A19103F-16F7-4668-BE54-9A1E7A4F7556}") = "TestingWithMSTest", "TestingWithMSTest\TestingWithMSTest.csproj", "{E426159F-A675-49D9-B62F-B7A659E1E9A9}"
EndProject
Project("{9A19103F-16F7-4668-BE54-9A1E7A4F7556}") = "ConsoleApp", "ConsoleApp\ConsoleApp.csproj", "{7A1029B3-3AEC-4ED8-94E0-6ED5280FCFCB}"
EndProject
Project("{9A19103F-16F7-4668-BE54-9A1E7A4F7556}") = "RESTApi", "SimpleRestApi\RESTApi.csproj", "{449857DB-111B-4572-AADC-AF7D911020E7}"
EndProject
Project("{FAE04EC0-301F-11D3-BF4B-00C04F79EFBC}") = "DataValidations", "DataValidations\DataValidations.csproj", "{02B6BB83-78F8-47DC-90BD-291E4DE3746A}"
EndProject
Project("{FAE04EC0-301F-11D3-BF4B-00C04F79EFBC}") = "ASPNETAreas", "ASPNETAreas\ASPNETAreas.csproj", "{C2B202B5-9621-4CC8-B351-CEA7A1E64A23}"
EndProject
Project("{FAE04EC0-301F-11D3-BF4B-00C04F79EFBC}") = "SchemaAnnotations", "EntityFramework\SchemaAnnotations.csproj", "{F4431656-4F7B-48E7-9BAD-36B5FBE75855}"
EndProject
Project("{FAE04EC0-301F-11D3-BF4B-00C04F79EFBC}") = "DataWithMongoDB", "DataWithMongoDB\DataWithMongoDB.csproj", "{0D09E279-C805-482E-ACE6-9F8D00E2AAE8}"
EndProject
Global
	GlobalSection(SolutionConfigurationPlatforms) = preSolution
		Debug|Any CPU = Debug|Any CPU
		Release|Any CPU = Release|Any CPU
	EndGlobalSection
	GlobalSection(ProjectConfigurationPlatforms) = postSolution
		{75A57643-D075-4D01-B4E1-FB1C89C451BF}.Debug|Any CPU.ActiveCfg = Debug|Any CPU
		{75A57643-D075-4D01-B4E1-FB1C89C451BF}.Debug|Any CPU.Build.0 = Debug|Any CPU
		{75A57643-D075-4D01-B4E1-FB1C89C451BF}.Release|Any CPU.ActiveCfg = Release|Any CPU
		{75A57643-D075-4D01-B4E1-FB1C89C451BF}.Release|Any CPU.Build.0 = Release|Any CPU
		{5A8678EA-4CB4-4F6E-887E-86482E9731CD}.Debug|Any CPU.ActiveCfg = Debug|Any CPU
		{5A8678EA-4CB4-4F6E-887E-86482E9731CD}.Debug|Any CPU.Build.0 = Debug|Any CPU
		{5A8678EA-4CB4-4F6E-887E-86482E9731CD}.Release|Any CPU.ActiveCfg = Release|Any CPU
		{5A8678EA-4CB4-4F6E-887E-86482E9731CD}.Release|Any CPU.Build.0 = Release|Any CPU
		{E426159F-A675-49D9-B62F-B7A659E1E9A9}.Debug|Any CPU.ActiveCfg = Debug|Any CPU
		{E426159F-A675-49D9-B62F-B7A659E1E9A9}.Debug|Any CPU.Build.0 = Debug|Any CPU
		{E426159F-A675-49D9-B62F-B7A659E1E9A9}.Release|Any CPU.ActiveCfg = Release|Any CPU
		{E426159F-A675-49D9-B62F-B7A659E1E9A9}.Release|Any CPU.Build.0 = Release|Any CPU
		{7A1029B3-3AEC-4ED8-94E0-6ED5280FCFCB}.Debug|Any CPU.ActiveCfg = Debug|Any CPU
		{7A1029B3-3AEC-4ED8-94E0-6ED5280FCFCB}.Debug|Any CPU.Build.0 = Debug|Any CPU
		{7A1029B3-3AEC-4ED8-94E0-6ED5280FCFCB}.Release|Any CPU.ActiveCfg = Release|Any CPU
		{7A1029B3-3AEC-4ED8-94E0-6ED5280FCFCB}.Release|Any CPU.Build.0 = Release|Any CPU
		{449857DB-111B-4572-AADC-AF7D911020E7}.Debug|Any CPU.ActiveCfg = Debug|Any CPU
		{449857DB-111B-4572-AADC-AF7D911020E7}.Debug|Any CPU.Build.0 = Debug|Any CPU
		{449857DB-111B-4572-AADC-AF7D911020E7}.Release|Any CPU.ActiveCfg = Release|Any CPU
		{449857DB-111B-4572-AADC-AF7D911020E7}.Release|Any CPU.Build.0 = Release|Any CPU
		{02B6BB83-78F8-47DC-90BD-291E4DE3746A}.Debug|Any CPU.ActiveCfg = Debug|Any CPU
		{02B6BB83-78F8-47DC-90BD-291E4DE3746A}.Debug|Any CPU.Build.0 = Debug|Any CPU
		{02B6BB83-78F8-47DC-90BD-291E4DE3746A}.Release|Any CPU.ActiveCfg = Release|Any CPU
		{02B6BB83-78F8-47DC-90BD-291E4DE3746A}.Release|Any CPU.Build.0 = Release|Any CPU
		{C2B202B5-9621-4CC8-B351-CEA7A1E64A23}.Debug|Any CPU.ActiveCfg = Debug|Any CPU
		{C2B202B5-9621-4CC8-B351-CEA7A1E64A23}.Debug|Any CPU.Build.0 = Debug|Any CPU
		{C2B202B5-9621-4CC8-B351-CEA7A1E64A23}.Release|Any CPU.ActiveCfg = Release|Any CPU
		{C2B202B5-9621-4CC8-B351-CEA7A1E64A23}.Release|Any CPU.Build.0 = Release|Any CPU
		{F4431656-4F7B-48E7-9BAD-36B5FBE75855}.Debug|Any CPU.ActiveCfg = Debug|Any CPU
		{F4431656-4F7B-48E7-9BAD-36B5FBE75855}.Debug|Any CPU.Build.0 = Debug|Any CPU
		{F4431656-4F7B-48E7-9BAD-36B5FBE75855}.Release|Any CPU.ActiveCfg = Release|Any CPU
		{F4431656-4F7B-48E7-9BAD-36B5FBE75855}.Release|Any CPU.Build.0 = Release|Any CPU
		{0D09E279-C805-482E-ACE6-9F8D00E2AAE8}.Debug|Any CPU.ActiveCfg = Debug|Any CPU
		{0D09E279-C805-482E-ACE6-9F8D00E2AAE8}.Debug|Any CPU.Build.0 = Debug|Any CPU
		{0D09E279-C805-482E-ACE6-9F8D00E2AAE8}.Release|Any CPU.ActiveCfg = Release|Any CPU
		{0D09E279-C805-482E-ACE6-9F8D00E2AAE8}.Release|Any CPU.Build.0 = Release|Any CPU
	EndGlobalSection
	GlobalSection(SolutionProperties) = preSolution
		HideSolutionNode = FALSE
	EndGlobalSection
	GlobalSection(ExtensibilityGlobals) = postSolution
		SolutionGuid = {09340D92-C72B-4F42-9B93-1E795A934714}
	EndGlobalSection
EndGlobal
